{
  "name": "@zakkster/lite-rain",
  "version": "1.4.0",
  "lockfileVersion": 3,
  "requires": true,
  "packages": {
    "": {
      "name": "@zakkster/lite-rain",
      "version": "1.4.0",
      "license": "MIT",
      "dependencies": {
        "@zakkster/lite-color": "^2.1.0"
      },
      "devDependencies": {
        "@zakkster/lite-gc-profiler": "^1.15.1",
        "@zakkster/lite-leak": "^1.8.1"
      },
      "funding": {
        "type": "github",
        "url": "https://github.com/sponsors/PeshoVurtoleta"
      }
    },
    "node_modules/@zakkster/lite-cleanup": {
      "version": "1.1.0",
      "resolved": "https://registry.npmjs.org/@zakkster/lite-cleanup/-/lite-cleanup-1.1.0.tgz",
      "integrity": "sha512-V92TwaQ+ZexGRHeKu8qgmqTSAcNet1WlPg8qjWg7BeOSUPn6cg0Nb1SPFXkAMbQ27lPyYnNm0DraqvhVUGxjDg==",
      "dev": true,
      "license": "MIT",
      "engines": {
        "node": ">=20.0.0"
      },
      "funding": {
        "type": "github",
        "url": "https://github.com/sponsors/PeshoVurtoleta"
      }
    },
    "node_modules/@zakkster/lite-color": {
      "version": "2.1.0",
      "resolved": "https://registry.npmjs.org/@zakkster/lite-color/-/lite-color-2.1.0.tgz",
      "integrity": "sha512-dtVTsQ+IszLVLFm1Pl3Q5v+DfUcTQq5AOHnlL+KEB+Hf+7t5dWxESvF+hj1Y2fZbY8nE9gNeSe2YkBZSX7q9MA==",
      "license": "MIT",
      "engines": {
        "node": ">=18.0.0"
      },
      "funding": {
        "type": "github",
        "url": "https://github.com/sponsors/PeshoVurtoleta"
      }
    },
    "node_modules/@zakkster/lite-gc-profiler": {
      "version": "1.15.1",
      "resolved": "https://registry.npmjs.org/@zakkster/lite-gc-profiler/-/lite-gc-profiler-1.15.1.tgz",
      "integrity": "sha512-q4RD+fjyzoQ67BF0DLZPKLXOmP2yEtl0QVOvZm7nWCsQvvgdn8iCYNzKZAA31nfT63YIX7qWZSl3D8iL4UyV6g==",
      "dev": true,
      "license": "MIT",
      "bin": {
        "lite-gc-gate": "bin/LiteGcGate.mjs"
      },
      "engines": {
        "node": ">=18"
      },
      "funding": {
        "type": "github",
        "url": "https://github.com/sponsors/PeshoVurtoleta"
      }
    },
    "node_modules/@zakkster/lite-leak": {
      "version": "1.8.1",
      "resolved": "https://registry.npmjs.org/@zakkster/lite-leak/-/lite-leak-1.8.1.tgz",
      "integrity": "sha512-+H0usBRY+2EFqdSaf0BCNNujc4IW1Hg0Z3+AzSc6i/V+nOlC8sAnwSobZ1FBhcqJ4dlVmt1WqORTyG4r7/DejQ==",
      "dev": true,
      "license": "MIT",
      "dependencies": {
        "@zakkster/lite-cleanup": "^1.0.0"
      },
      "engines": {
        "node": ">=20.0.0"
      },
      "funding": {
        "type": "github",
        "url": "https://github.com/sponsors/PeshoVurtoleta"
      },
      "peerDependencies": {
        "@zakkster/lite-signal": ">=1.5.0-beta.3 <2.0.0"
      }
    },
    "node_modules/@zakkster/lite-signal": {
      "version": "1.5.0",
      "resolved": "https://registry.npmjs.org/@zakkster/lite-signal/-/lite-signal-1.5.0.tgz",
      "integrity": "sha512-0EJgGu1gcp6OuDBm8CRrbBOn9NFcdIYDH3z/hgCzx0C5JkHX8arN/adZ8DO32FWIGaco55uSb51JsZTPD6kiQQ==",
      "dev": true,
      "license": "MIT",
      "peer": true,
      "engines": {
        "node": ">=18"
      },
      "funding": {
        "type": "github",
        "url": "https://github.com/sponsors/PeshoVurtoleta"
      }
    }
  }
}
